// !$*UTF8*$!
{
	archiveVersion = 1;
	classes = {
	};
	objectVersion = 77;
	objects = {

/* Begin PBXBuildFile section */
		0910EF16E4D9434D15EC1721 /* NIOCore in Frameworks */ = {isa = PBXBuildFile; productRef = 11CB14AB1D4C25450FDDD8C0 /* NIOCore */; };
		0922E64AE0B3E19CBB4B0097 /* NIOCore in Frameworks */ = {isa = PBXBuildFile; productRef = B374586889C6DDB4795CAEC8 /* NIOCore */; };
		0E6BE04C365C43A650C86A78 /* CertificateAuthority.swift in Sources */ = {isa = PBXBuildFile; fileRef = 5E79A72DB3153A14A597FF54 /* CertificateAuthority.swift */; };
		136EB7989CEFF8B05B7564D7 /* PokerPacketTunnel.appex in Embed Foundation Extensions */ = {isa = PBXBuildFile; fileRef = F8E0983D307E4922EDED4559 /* PokerPacketTunnel.appex */; settings = {ATTRIBUTES = (RemoveHeadersOnCopy, ); }; };
		236231DA0C911E8931850F22 /* CaptureSession.swift in Sources */ = {isa = PBXBuildFile; fileRef = AFD9AB59FC723B2B1C0F32B3 /* CaptureSession.swift */; };
		264A281BA82BB9B160C065D3 /* NIOPosix in Frameworks */ = {isa = PBXBuildFile; productRef = 3F7B476D275DAF0E4F7BED8B /* NIOPosix */; };
		344E3309EEAE9C1711F7C563 /* CURLExporter.swift in Sources */ = {isa = PBXBuildFile; fileRef = 7029F91D59A6D8D8268B7DED /* CURLExporter.swift */; };
		37CE15B17435567B7BDE1D27 /* HTTPCodec.swift in Sources */ = {isa = PBXBuildFile; fileRef = 81315EE1BF6290F2AC76BCF4 /* HTTPCodec.swift */; };
		3B2320AA86754564FA77D49C /* CaptureSession.swift in Sources */ = {isa = PBXBuildFile; fileRef = AFD9AB59FC723B2B1C0F32B3 /* CaptureSession.swift */; };
		3DC6E9E7AD3032B164980D6C /* HAR.swift in Sources */ = {isa = PBXBuildFile; fileRef = 130FC3EE9E078108659291D9 /* HAR.swift */; };
		4826ADEBDAC03EEE36F98E70 /* ProxyServer.swift in Sources */ = {isa = PBXBuildFile; fileRef = 42DA73024F829A2D5597ECEE /* ProxyServer.swift */; };
		4B16E3C5920FC77AC928EE9B /* PokerDesktopApp.swift in Sources */ = {isa = PBXBuildFile; fileRef = 30AF88A6927D62CDD702812F /* PokerDesktopApp.swift */; };
		552D25563C64E89BB4F80C70 /* MarkdownExporter.swift in Sources */ = {isa = PBXBuildFile; fileRef = C8A7D6F8B4CBD7A59EC5DEB3 /* MarkdownExporter.swift */; };
		60A5A3040C72F082EB9B097C /* PokerCore.framework in Frameworks */ = {isa = PBXBuildFile; fileRef = CE95840E1792B284740C5951 /* PokerCore.framework */; };
		687FB1599ED3243F3763DAB7 /* CertificateAuthority.swift in Sources */ = {isa = PBXBuildFile; fileRef = 5E79A72DB3153A14A597FF54 /* CertificateAuthority.swift */; };
		6FBC38B899D2D4701209B5D2 /* ProxyServer.swift in Sources */ = {isa = PBXBuildFile; fileRef = 42DA73024F829A2D5597ECEE /* ProxyServer.swift */; };
		7380D3FD600CCF6B631EA33B /* RewriteRule.swift in Sources */ = {isa = PBXBuildFile; fileRef = A1D1463BE29E6A437CE10B12 /* RewriteRule.swift */; };
		7573378FC33176379303ABF2 /* DequeModule in Frameworks */ = {isa = PBXBuildFile; productRef = B237B1EAF81B9F3B5ADAD760 /* DequeModule */; };
		7947970EAC101F02D9EF68DE /* PokerMobileApp.swift in Sources */ = {isa = PBXBuildFile; fileRef = 343B134A26D45BAD2A3161B6 /* PokerMobileApp.swift */; };
		81DA94CA31274193A6929141 /* NIOSSL in Frameworks */ = {isa = PBXBuildFile; productRef = 043F6404927510EA731CB76B /* NIOSSL */; };
		8EF8235F70D574D97B98E26D /* PokerCore.framework in Frameworks */ = {isa = PBXBuildFile; fileRef = 95A88D73F6C5C39712F0073B /* PokerCore.framework */; };
		925C6149223C17084CB8FE5C /* CaptureViewModel.swift in Sources */ = {isa = PBXBuildFile; fileRef = F57CBE528115D65A43DE01AF /* CaptureViewModel.swift */; };
		93CD34C92BB60D9DF9BC9A5E /* HTTPCodec.swift in Sources */ = {isa = PBXBuildFile; fileRef = 81315EE1BF6290F2AC76BCF4 /* HTTPCodec.swift */; };
		94C3DC22AFDA63F4FAF2FA72 /* NIOFoundationCompat in Frameworks */ = {isa = PBXBuildFile; productRef = AB06809A097618CF27114294 /* NIOFoundationCompat */; };
		A0AE42C47F1930F64B15222F /* PokerCore.framework in Embed Frameworks */ = {isa = PBXBuildFile; fileRef = 95A88D73F6C5C39712F0073B /* PokerCore.framework */; settings = {ATTRIBUTES = (CodeSignOnCopy, RemoveHeadersOnCopy, ); }; };
		A37D7F4CA54CF5A1B261B959 /* RewriteRule.swift in Sources */ = {isa = PBXBuildFile; fileRef = A1D1463BE29E6A437CE10B12 /* RewriteRule.swift */; };
		B9C13478231220EF48640194 /* NIOPosix in Frameworks */ = {isa = PBXBuildFile; productRef = 6E95C290DA17DBF68505BEFA /* NIOPosix */; };
		BAE5A8DBDA908B9CEAFDA3F9 /* WeakNetworkConfiguration.swift in Sources */ = {isa = PBXBuildFile; fileRef = C4B3396BF1630E0B6947F8A4 /* WeakNetworkConfiguration.swift */; };
		BEDA6AF7CED132C7E8CABDED /* MarkdownExporter.swift in Sources */ = {isa = PBXBuildFile; fileRef = C8A7D6F8B4CBD7A59EC5DEB3 /* MarkdownExporter.swift */; };
		BFAD6B3B5A6433E017903221 /* NIOSSL in Frameworks */ = {isa = PBXBuildFile; productRef = 8A21527FD6FC7D89D66AB9AB /* NIOSSL */; };
		C0A143197614A971EA621A82 /* PokerCore.framework in Embed Frameworks */ = {isa = PBXBuildFile; fileRef = CE95840E1792B284740C5951 /* PokerCore.framework */; settings = {ATTRIBUTES = (CodeSignOnCopy, RemoveHeadersOnCopy, ); }; };
		C5E3433584038FB2084676D6 /* Assets.xcassets in Resources */ = {isa = PBXBuildFile; fileRef = 3CF695EE9D31BF41F6B5381D /* Assets.xcassets */; };
		C7C1945FD8AA562C69B7C2B2 /* Assets.xcassets in Resources */ = {isa = PBXBuildFile; fileRef = 3CF695EE9D31BF41F6B5381D /* Assets.xcassets */; };
		CC872F987026C422F2D5B22A /* PacketTunnelProvider.swift in Sources */ = {isa = PBXBuildFile; fileRef = 9ABA60CF6E54D1014A1451FC /* PacketTunnelProvider.swift */; };
		CE022FB71E2137AB31F25330 /* DequeModule in Frameworks */ = {isa = PBXBuildFile; productRef = 1B5027C94F2A1BAF5605CDDE /* DequeModule */; };
		CFBE5B8BF076ACB9BD262954 /* NIOFoundationCompat in Frameworks */ = {isa = PBXBuildFile; productRef = 51CCCD4F385904098446A837 /* NIOFoundationCompat */; };
		D6D6145E96551F540F88FA1D /* HAR.swift in Sources */ = {isa = PBXBuildFile; fileRef = 130FC3EE9E078108659291D9 /* HAR.swift */; };
		DE69A35B9C42E09344C60743 /* NIOHTTP1 in Frameworks */ = {isa = PBXBuildFile; productRef = 9C272A32D14D1B636C5CD5FD /* NIOHTTP1 */; };
		E12BFB5580DF6384A91714B5 /* NIOHTTP1 in Frameworks */ = {isa = PBXBuildFile; productRef = BEB57944008FAE975C6D038F /* NIOHTTP1 */; };
		F96F52CE4363D50EE2BCC83A /* WeakNetworkConfiguration.swift in Sources */ = {isa = PBXBuildFile; fileRef = C4B3396BF1630E0B6947F8A4 /* WeakNetworkConfiguration.swift */; };
		FC23D9F1B9341EDD1A6BA466 /* CURLExporter.swift in Sources */ = {isa = PBXBuildFile; fileRef = 7029F91D59A6D8D8268B7DED /* CURLExporter.swift */; };
/* End PBXBuildFile section */

/* Begin PBXContainerItemProxy section */
		A79C27867B718F7BCE6A3F76 /* PBXContainerItemProxy */ = {
			isa = PBXContainerItemProxy;
			containerPortal = 926B3AEA5E3AEDFF69DAEABA /* Project object */;
			proxyType = 1;
			remoteGlobalIDString = 8D23AEC76089527137DD07CE;
			remoteInfo = PokerCore_macOS;
		};
		CB86024C77935A91AF755471 /* PBXContainerItemProxy */ = {
			isa = PBXContainerItemProxy;
			containerPortal = 926B3AEA5E3AEDFF69DAEABA /* Project object */;
			proxyType = 1;
			remoteGlobalIDString = A6E87E2FC3554A939A0DE2F9;
			remoteInfo = PokerPacketTunnel;
		};
		E80C4E0B70BB47C7419FF96D /* PBXContainerItemProxy */ = {
			isa = PBXContainerItemProxy;
			containerPortal = 926B3AEA5E3AEDFF69DAEABA /* Project object */;
			proxyType = 1;
			remoteGlobalIDString = 3EA9B88E447E46D7C2792D87;
			remoteInfo = PokerCore_iOS;
		};
/* End PBXContainerItemProxy section */

/* Begin PBXCopyFilesBuildPhase section */
		3FAC039DC14E10DABD65AA75 /* Embed Frameworks */ = {
			isa = PBXCopyFilesBuildPhase;
			buildActionMask = 2147483647;
			dstPath = "";
			dstSubfolderSpec = 10;
			files = (
				A0AE42C47F1930F64B15222F /* PokerCore.framework in Embed Frameworks */,
			);
			name = "Embed Frameworks";
			runOnlyForDeploymentPostprocessing = 0;
		};
		52406F6A68435BBF339C5A6C /* Embed Foundation Extensions */ = {
			isa = PBXCopyFilesBuildPhase;
			buildActionMask = 2147483647;
			dstPath = "";
			dstSubfolderSpec = 13;
			files = (
				136EB7989CEFF8B05B7564D7 /* PokerPacketTunnel.appex in Embed Foundation Extensions */,
			);
			name = "Embed Foundation Extensions";
			runOnlyForDeploymentPostprocessing = 0;
		};
		AC58C609000896A4013BCA57 /* Embed Frameworks */ = {
			isa = PBXCopyFilesBuildPhase;
			buildActionMask = 2147483647;
			dstPath = "";
			dstSubfolderSpec = 10;
			files = (
				C0A143197614A971EA621A82 /* PokerCore.framework in Embed Frameworks */,
			);
			name = "Embed Frameworks";
			runOnlyForDeploymentPostprocessing = 0;
		};
/* End PBXCopyFilesBuildPhase section */

/* Begin PBXFileReference section */
		0D06416000C375A75FEF06DC /* PokerMobile.app */ = {isa = PBXFileReference; includeInIndex = 0; lastKnownFileType = wrapper.application; path = PokerMobile.app; sourceTree = BUILT_PRODUCTS_DIR; };
		130FC3EE9E078108659291D9 /* HAR.swift */ = {isa = PBXFileReference; lastKnownFileType = sourcecode.swift; path = HAR.swift; sourceTree = "<group>"; };
		28485D1869386A3F62CC5E8B /* PokerMobile.entitlements */ = {isa = PBXFileReference; lastKnownFileType = text.plist.entitlements; path = PokerMobile.entitlements; sourceTree = "<group>"; };
		30AF88A6927D62CDD702812F /* PokerDesktopApp.swift */ = {isa = PBXFileReference; lastKnownFileType = sourcecode.swift; path = PokerDesktopApp.swift; sourceTree = "<group>"; };
		33827629EE4990DC94EBBFA6 /* PokerDesktop.app */ = {isa = PBXFileReference; explicitFileType = wrapper.application; includeInIndex = 0; path = PokerDesktop.app; sourceTree = BUILT_PRODUCTS_DIR; };
		343B134A26D45BAD2A3161B6 /* PokerMobileApp.swift */ = {isa = PBXFileReference; lastKnownFileType = sourcecode.swift; path = PokerMobileApp.swift; sourceTree = "<group>"; };
		3CF695EE9D31BF41F6B5381D /* Assets.xcassets */ = {isa = PBXFileReference; lastKnownFileType = folder.assetcatalog; path = Assets.xcassets; sourceTree = "<group>"; };
		42DA73024F829A2D5597ECEE /* ProxyServer.swift */ = {isa = PBXFileReference; lastKnownFileType = sourcecode.swift; path = ProxyServer.swift; sourceTree = "<group>"; };
		5E79A72DB3153A14A597FF54 /* CertificateAuthority.swift */ = {isa = PBXFileReference; lastKnownFileType = sourcecode.swift; path = CertificateAuthority.swift; sourceTree = "<group>"; };
		7029F91D59A6D8D8268B7DED /* CURLExporter.swift */ = {isa = PBXFileReference; lastKnownFileType = sourcecode.swift; path = CURLExporter.swift; sourceTree = "<group>"; };
		81315EE1BF6290F2AC76BCF4 /* HTTPCodec.swift */ = {isa = PBXFileReference; lastKnownFileType = sourcecode.swift; path = HTTPCodec.swift; sourceTree = "<group>"; };
		95A88D73F6C5C39712F0073B /* PokerCore.framework */ = {isa = PBXFileReference; explicitFileType = wrapper.framework; includeInIndex = 0; path = PokerCore.framework; sourceTree = BUILT_PRODUCTS_DIR; };
		9ABA60CF6E54D1014A1451FC /* PacketTunnelProvider.swift */ = {isa = PBXFileReference; lastKnownFileType = sourcecode.swift; path = PacketTunnelProvider.swift; sourceTree = "<group>"; };
		A1D1463BE29E6A437CE10B12 /* RewriteRule.swift */ = {isa = PBXFileReference; lastKnownFileType = sourcecode.swift; path = RewriteRule.swift; sourceTree = "<group>"; };
		AFD9AB59FC723B2B1C0F32B3 /* CaptureSession.swift */ = {isa = PBXFileReference; lastKnownFileType = sourcecode.swift; path = CaptureSession.swift; sourceTree = "<group>"; };
		B611671E2485FB350939A70A /* PokerPacketTunnel.entitlements */ = {isa = PBXFileReference; lastKnownFileType = text.plist.entitlements; path = PokerPacketTunnel.entitlements; sourceTree = "<group>"; };
		C4B3396BF1630E0B6947F8A4 /* WeakNetworkConfiguration.swift */ = {isa = PBXFileReference; lastKnownFileType = sourcecode.swift; path = WeakNetworkConfiguration.swift; sourceTree = "<group>"; };
		C8A7D6F8B4CBD7A59EC5DEB3 /* MarkdownExporter.swift */ = {isa = PBXFileReference; lastKnownFileType = sourcecode.swift; path = MarkdownExporter.swift; sourceTree = "<group>"; };
		CE95840E1792B284740C5951 /* PokerCore.framework */ = {isa = PBXFileReference; explicitFileType = wrapper.framework; includeInIndex = 0; path = PokerCore.framework; sourceTree = BUILT_PRODUCTS_DIR; };
		F57CBE528115D65A43DE01AF /* CaptureViewModel.swift */ = {isa = PBXFileReference; lastKnownFileType = sourcecode.swift; path = CaptureViewModel.swift; sourceTree = "<group>"; };
		F8E0983D307E4922EDED4559 /* PokerPacketTunnel.appex */ = {isa = PBXFileReference; includeInIndex = 0; lastKnownFileType = "wrapper.app-extension"; path = PokerPacketTunnel.appex; sourceTree = BUILT_PRODUCTS_DIR; };
/* End PBXFileReference section */

/* Begin PBXFrameworksBuildPhase section */
		1E1F90FBEF180F22EC9AC1D6 /* Frameworks */ = {
			isa = PBXFrameworksBuildPhase;
			buildActionMask = 2147483647;
			files = (
				60A5A3040C72F082EB9B097C /* PokerCore.framework in Frameworks */,
			);
			runOnlyForDeploymentPostprocessing = 0;
		};
		689D002A41DD10324F1667B8 /* Frameworks */ = {
			isa = PBXFrameworksBuildPhase;
			buildActionMask = 2147483647;
			files = (
				0922E64AE0B3E19CBB4B0097 /* NIOCore in Frameworks */,
				94C3DC22AFDA63F4FAF2FA72 /* NIOFoundationCompat in Frameworks */,
				E12BFB5580DF6384A91714B5 /* NIOHTTP1 in Frameworks */,
				264A281BA82BB9B160C065D3 /* NIOPosix in Frameworks */,
				81DA94CA31274193A6929141 /* NIOSSL in Frameworks */,
				CE022FB71E2137AB31F25330 /* DequeModule in Frameworks */,
			);
			runOnlyForDeploymentPostprocessing = 0;
		};
		6D07BC506023E3FB32F1C159 /* Frameworks */ = {
			isa = PBXFrameworksBuildPhase;
			buildActionMask = 2147483647;
			files = (
				8EF8235F70D574D97B98E26D /* PokerCore.framework in Frameworks */,
			);
			runOnlyForDeploymentPostprocessing = 0;
		};
		A95C8D98F75EFAC5F4616650 /* Frameworks */ = {
			isa = PBXFrameworksBuildPhase;
			buildActionMask = 2147483647;
			files = (
				0910EF16E4D9434D15EC1721 /* NIOCore in Frameworks */,
				CFBE5B8BF076ACB9BD262954 /* NIOFoundationCompat in Frameworks */,
				DE69A35B9C42E09344C60743 /* NIOHTTP1 in Frameworks */,
				B9C13478231220EF48640194 /* NIOPosix in Frameworks */,
				BFAD6B3B5A6433E017903221 /* NIOSSL in Frameworks */,
				7573378FC33176379303ABF2 /* DequeModule in Frameworks */,
			);
			runOnlyForDeploymentPostprocessing = 0;
		};
/* End PBXFrameworksBuildPhase section */

/* Begin PBXGroup section */
		0B3750C8F0C1521CF1F570EF /* PokerDesktop */ = {
			isa = PBXGroup;
			children = (
				F57CBE528115D65A43DE01AF /* CaptureViewModel.swift */,
				30AF88A6927D62CDD702812F /* PokerDesktopApp.swift */,
			);
			name = PokerDesktop;
			path = Sources/PokerDesktop;
			sourceTree = "<group>";
		};
		0CBE5AA38EA415D75D790E08 /* Products */ = {
			isa = PBXGroup;
			children = (
				95A88D73F6C5C39712F0073B /* PokerCore.framework */,
				CE95840E1792B284740C5951 /* PokerCore.framework */,
				33827629EE4990DC94EBBFA6 /* PokerDesktop.app */,
				0D06416000C375A75FEF06DC /* PokerMobile.app */,
				F8E0983D307E4922EDED4559 /* PokerPacketTunnel.appex */,
			);
			name = Products;
			sourceTree = "<group>";
		};
		148A314F852FA79E04B68C74 /* iOS */ = {
			isa = PBXGroup;
			children = (
				28485D1869386A3F62CC5E8B /* PokerMobile.entitlements */,
				343B134A26D45BAD2A3161B6 /* PokerMobileApp.swift */,
			);
			name = iOS;
			path = Apps/iOS;
			sourceTree = "<group>";
		};
		184C36C57F5457E22AF84F1C /* PokerCore */ = {
			isa = PBXGroup;
			children = (
				AFD9AB59FC723B2B1C0F32B3 /* CaptureSession.swift */,
				5E79A72DB3153A14A597FF54 /* CertificateAuthority.swift */,
				7029F91D59A6D8D8268B7DED /* CURLExporter.swift */,
				130FC3EE9E078108659291D9 /* HAR.swift */,
				81315EE1BF6290F2AC76BCF4 /* HTTPCodec.swift */,
				C8A7D6F8B4CBD7A59EC5DEB3 /* MarkdownExporter.swift */,
				42DA73024F829A2D5597ECEE /* ProxyServer.swift */,
				A1D1463BE29E6A437CE10B12 /* RewriteRule.swift */,
				C4B3396BF1630E0B6947F8A4 /* WeakNetworkConfiguration.swift */,
			);
			name = PokerCore;
			path = Sources/PokerCore;
			sourceTree = "<group>";
		};
		21D9EA83D565E535860B403F = {
			isa = PBXGroup;
			children = (
				148A314F852FA79E04B68C74 /* iOS */,
				70547926A95C4BF03CFFB79E /* PacketTunnel */,
				184C36C57F5457E22AF84F1C /* PokerCore */,
				0B3750C8F0C1521CF1F570EF /* PokerDesktop */,
				627A7B1511612F2122C3F670 /* Resources */,
				0CBE5AA38EA415D75D790E08 /* Products */,
			);
			sourceTree = "<group>";
		};
		627A7B1511612F2122C3F670 /* Resources */ = {
			isa = PBXGroup;
			children = (
				3CF695EE9D31BF41F6B5381D /* Assets.xcassets */,
			);
			path = Resources;
			sourceTree = "<group>";
		};
		70547926A95C4BF03CFFB79E /* PacketTunnel */ = {
			isa = PBXGroup;
			children = (
				9ABA60CF6E54D1014A1451FC /* PacketTunnelProvider.swift */,
				B611671E2485FB350939A70A /* PokerPacketTunnel.entitlements */,
			);
			name = PacketTunnel;
			path = Extensions/PacketTunnel;
			sourceTree = "<group>";
		};
/* End PBXGroup section */

/* Begin PBXNativeTarget section */
		0A7C4505D5381FFF35915A7D /* PokerMobile */ = {
			isa = PBXNativeTarget;
			buildConfigurationList = EFD00EDC2AE33416151EE8B4 /* Build configuration list for PBXNativeTarget "PokerMobile" */;
			buildPhases = (
				2DFD135E2FA99A857B233666 /* Sources */,
				6DDA5218AB46EB5585350D59 /* Resources */,
				6D07BC506023E3FB32F1C159 /* Frameworks */,
				52406F6A68435BBF339C5A6C /* Embed Foundation Extensions */,
				3FAC039DC14E10DABD65AA75 /* Embed Frameworks */,
			);
			buildRules = (
			);
			dependencies = (
				3B5E06FC7EA87FFB225EADCE /* PBXTargetDependency */,
				25AA7B36F06C2B918620304B /* PBXTargetDependency */,
			);
			name = PokerMobile;
			packageProductDependencies = (
			);
			productName = PokerMobile;
			productReference = 0D06416000C375A75FEF06DC /* PokerMobile.app */;
			productType = "com.apple.product-type.application";
		};
		10150B5A5CB7B2D0A098FA8E /* PokerDesktop */ = {
			isa = PBXNativeTarget;
			buildConfigurationList = 26BF93C824309FCC1770E3CC /* Build configuration list for PBXNativeTarget "PokerDesktop" */;
			buildPhases = (
				17F4C92A5F5A28AA25ED84BF /* Sources */,
				874CD6AEF5630275F6FC00EF /* Resources */,
				1E1F90FBEF180F22EC9AC1D6 /* Frameworks */,
				AC58C609000896A4013BCA57 /* Embed Frameworks */,
			);
			buildRules = (
			);
			dependencies = (
				0F21E10727D86501FCA96F98 /* PBXTargetDependency */,
			);
			name = PokerDesktop;
			packageProductDependencies = (
			);
			productName = PokerDesktop;
			productReference = 33827629EE4990DC94EBBFA6 /* PokerDesktop.app */;
			productType = "com.apple.product-type.application";
		};
		3EA9B88E447E46D7C2792D87 /* PokerCore_iOS */ = {
			isa = PBXNativeTarget;
			buildConfigurationList = DC2F4F745189641345A326DC /* Build configuration list for PBXNativeTarget "PokerCore_iOS" */;
			buildPhases = (
				731F6832EB08E9AC4C57E05E /* Sources */,
				A95C8D98F75EFAC5F4616650 /* Frameworks */,
			);
			buildRules = (
			);
			dependencies = (
			);
			name = PokerCore_iOS;
			packageProductDependencies = (
				11CB14AB1D4C25450FDDD8C0 /* NIOCore */,
				51CCCD4F385904098446A837 /* NIOFoundationCompat */,
				9C272A32D14D1B636C5CD5FD /* NIOHTTP1 */,
				6E95C290DA17DBF68505BEFA /* NIOPosix */,
				8A21527FD6FC7D89D66AB9AB /* NIOSSL */,
				B237B1EAF81B9F3B5ADAD760 /* DequeModule */,
			);
			productName = PokerCore_iOS;
			productReference = 95A88D73F6C5C39712F0073B /* PokerCore.framework */;
			productType = "com.apple.product-type.framework";
		};
		8D23AEC76089527137DD07CE /* PokerCore_macOS */ = {
			isa = PBXNativeTarget;
			buildConfigurationList = D72468B3307F4D6100995A27 /* Build configuration list for PBXNativeTarget "PokerCore_macOS" */;
			buildPhases = (
				CDA5D72A5266C59B371BD510 /* Sources */,
				689D002A41DD10324F1667B8 /* Frameworks */,
			);
			buildRules = (
			);
			dependencies = (
			);
			name = PokerCore_macOS;
			packageProductDependencies = (
				B374586889C6DDB4795CAEC8 /* NIOCore */,
				AB06809A097618CF27114294 /* NIOFoundationCompat */,
				BEB57944008FAE975C6D038F /* NIOHTTP1 */,
				3F7B476D275DAF0E4F7BED8B /* NIOPosix */,
				043F6404927510EA731CB76B /* NIOSSL */,
				1B5027C94F2A1BAF5605CDDE /* DequeModule */,
			);
			productName = PokerCore_macOS;
			productReference = CE95840E1792B284740C5951 /* PokerCore.framework */;
			productType = "com.apple.product-type.framework";
		};
		A6E87E2FC3554A939A0DE2F9 /* PokerPacketTunnel */ = {
			isa = PBXNativeTarget;
			buildConfigurationList = 68142693F458E3D0D6DBAE08 /* Build configuration list for PBXNativeTarget "PokerPacketTunnel" */;
			buildPhases = (
				C748F32619043A68FC975509 /* Sources */,
			);
			buildRules = (
			);
			dependencies = (
			);
			name = PokerPacketTunnel;
			packageProductDependencies = (
			);
			productName = PokerPacketTunnel;
			productReference = F8E0983D307E4922EDED4559 /* PokerPacketTunnel.appex */;
			productType = "com.apple.product-type.app-extension";
		};
/* End PBXNativeTarget section */

/* Begin PBXProject section */
		926B3AEA5E3AEDFF69DAEABA /* Project object */ = {
			isa = PBXProject;
			attributes = {
				BuildIndependentTargetsInParallel = YES;
				LastUpgradeCheck = 1430;
				TargetAttributes = {
					0A7C4505D5381FFF35915A7D = {
						ProvisioningStyle = Automatic;
					};
					10150B5A5CB7B2D0A098FA8E = {
						ProvisioningStyle = Automatic;
					};
					A6E87E2FC3554A939A0DE2F9 = {
						ProvisioningStyle = Automatic;
					};
				};
			};
			buildConfigurationList = FED62D7872DECAC7D03579A2 /* Build configuration list for PBXProject "Poker" */;
			developmentRegion = en;
			hasScannedForEncodings = 0;
			knownRegions = (
				Base,
				en,
			);
			mainGroup = 21D9EA83D565E535860B403F;
			minimizedProjectReferenceProxies = 1;
			packageReferences = (
				6B4102B16DB351D7639B1541 /* XCRemoteSwiftPackageReference "swift-collections" */,
				244AD44394B4C1F62BD65711 /* XCRemoteSwiftPackageReference "swift-nio" */,
				D3A436D58E59A42BF466016F /* XCRemoteSwiftPackageReference "swift-nio-ssl" */,
			);
			preferredProjectObjectVersion = 77;
			productRefGroup = 0CBE5AA38EA415D75D790E08 /* Products */;
			projectDirPath = "";
			projectRoot = "";
			targets = (
				3EA9B88E447E46D7C2792D87 /* PokerCore_iOS */,
				8D23AEC76089527137DD07CE /* PokerCore_macOS */,
				10150B5A5CB7B2D0A098FA8E /* PokerDesktop */,
				0A7C4505D5381FFF35915A7D /* PokerMobile */,
				A6E87E2FC3554A939A0DE2F9 /* PokerPacketTunnel */,
			);
		};
/* End PBXProject section */

/* Begin PBXResourcesBuildPhase section */
		6DDA5218AB46EB5585350D59 /* Resources */ = {
			isa = PBXResourcesBuildPhase;
			buildActionMask = 2147483647;
			files = (
				C5E3433584038FB2084676D6 /* Assets.xcassets in Resources */,
			);
			runOnlyForDeploymentPostprocessing = 0;
		};
		874CD6AEF5630275F6FC00EF /* Resources */ = {
			isa = PBXResourcesBuildPhase;
			buildActionMask = 2147483647;
			files = (
				C7C1945FD8AA562C69B7C2B2 /* Assets.xcassets in Resources */,
			);
			runOnlyForDeploymentPostprocessing = 0;
		};
/* End PBXResourcesBuildPhase section */

/* Begin PBXSourcesBuildPhase section */
		17F4C92A5F5A28AA25ED84BF /* Sources */ = {
			isa = PBXSourcesBuildPhase;
			buildActionMask = 2147483647;
			files = (
				925C6149223C17084CB8FE5C /* CaptureViewModel.swift in Sources */,
				4B16E3C5920FC77AC928EE9B /* PokerDesktopApp.swift in Sources */,
			);
			runOnlyForDeploymentPostprocessing = 0;
		};
		2DFD135E2FA99A857B233666 /* Sources */ = {
			isa = PBXSourcesBuildPhase;
			buildActionMask = 2147483647;
			files = (
				7947970EAC101F02D9EF68DE /* PokerMobileApp.swift in Sources */,
			);
			runOnlyForDeploymentPostprocessing = 0;
		};
		731F6832EB08E9AC4C57E05E /* Sources */ = {
			isa = PBXSourcesBuildPhase;
			buildActionMask = 2147483647;
			files = (
				344E3309EEAE9C1711F7C563 /* CURLExporter.swift in Sources */,
				3B2320AA86754564FA77D49C /* CaptureSession.swift in Sources */,
				687FB1599ED3243F3763DAB7 /* CertificateAuthority.swift in Sources */,
				3DC6E9E7AD3032B164980D6C /* HAR.swift in Sources */,
				93CD34C92BB60D9DF9BC9A5E /* HTTPCodec.swift in Sources */,
				552D25563C64E89BB4F80C70 /* MarkdownExporter.swift in Sources */,
				6FBC38B899D2D4701209B5D2 /* ProxyServer.swift in Sources */,
				7380D3FD600CCF6B631EA33B /* RewriteRule.swift in Sources */,
				BAE5A8DBDA908B9CEAFDA3F9 /* WeakNetworkConfiguration.swift in Sources */,
			);
			runOnlyForDeploymentPostprocessing = 0;
		};
		C748F32619043A68FC975509 /* Sources */ = {
			isa = PBXSourcesBuildPhase;
			buildActionMask = 2147483647;
			files = (
				CC872F987026C422F2D5B22A /* PacketTunnelProvider.swift in Sources */,
			);
			runOnlyForDeploymentPostprocessing = 0;
		};
		CDA5D72A5266C59B371BD510 /* Sources */ = {
			isa = PBXSourcesBuildPhase;
			buildActionMask = 2147483647;
			files = (
				FC23D9F1B9341EDD1A6BA466 /* CURLExporter.swift in Sources */,
				236231DA0C911E8931850F22 /* CaptureSession.swift in Sources */,
				0E6BE04C365C43A650C86A78 /* CertificateAuthority.swift in Sources */,
				D6D6145E96551F540F88FA1D /* HAR.swift in Sources */,
				37CE15B17435567B7BDE1D27 /* HTTPCodec.swift in Sources */,
				BEDA6AF7CED132C7E8CABDED /* MarkdownExporter.swift in Sources */,
				4826ADEBDAC03EEE36F98E70 /* ProxyServer.swift in Sources */,
				A37D7F4CA54CF5A1B261B959 /* RewriteRule.swift in Sources */,
				F96F52CE4363D50EE2BCC83A /* WeakNetworkConfiguration.swift in Sources */,
			);
			runOnlyForDeploymentPostprocessing = 0;
		};
/* End PBXSourcesBuildPhase section */

/* Begin PBXTargetDependency section */
		0F21E10727D86501FCA96F98 /* PBXTargetDependency */ = {
			isa = PBXTargetDependency;
			target = 8D23AEC76089527137DD07CE /* PokerCore_macOS */;
			targetProxy = A79C27867B718F7BCE6A3F76 /* PBXContainerItemProxy */;
		};
		25AA7B36F06C2B918620304B /* PBXTargetDependency */ = {
			isa = PBXTargetDependency;
			target = A6E87E2FC3554A939A0DE2F9 /* PokerPacketTunnel */;
			targetProxy = CB86024C77935A91AF755471 /* PBXContainerItemProxy */;
		};
		3B5E06FC7EA87FFB225EADCE /* PBXTargetDependency */ = {
			isa = PBXTargetDependency;
			target = 3EA9B88E447E46D7C2792D87 /* PokerCore_iOS */;
			targetProxy = E80C4E0B70BB47C7419FF96D /* PBXContainerItemProxy */;
		};
/* End PBXTargetDependency section */

/* Begin XCBuildConfiguration section */
		3BA97F0A1952EFCA17D77266 /* Release */ = {
			isa = XCBuildConfiguration;
			buildSettings = {
				ASSETCATALOG_COMPILER_APPICON_NAME = AppIcon;
				CODE_SIGN_ENTITLEMENTS = Apps/iOS/PokerMobile.entitlements;
				CODE_SIGN_IDENTITY = "iPhone Developer";
				CODE_SIGN_STYLE = Automatic;
				GENERATE_INFOPLIST_FILE = YES;
				INFOPLIST_KEY_CFBundleDisplayName = Poker;
				LD_RUNPATH_SEARCH_PATHS = (
					"$(inherited)",
					"@executable_path/Frameworks",
				);
				PRODUCT_BUNDLE_IDENTIFIER = com.poker.mobile;
				SDKROOT = iphoneos;
				TARGETED_DEVICE_FAMILY = "1,2";
			};
			name = Release;
		};
		42FF0C211D7BB9D91591EFB7 /* Debug */ = {
			isa = XCBuildConfiguration;
			buildSettings = {
				CODE_SIGN_ENTITLEMENTS = Extensions/PacketTunnel/PokerPacketTunnel.entitlements;
				CODE_SIGN_STYLE = Automatic;
				GENERATE_INFOPLIST_FILE = YES;
				INFOPLIST_KEY_NSExtension_NSExtensionPointIdentifier = "com.apple.networkextension.packet-tunnel";
				INFOPLIST_KEY_NSExtension_NSExtensionPrincipalClass = "$(PRODUCT_MODULE_NAME).PacketTunnelProvider";
				LD_RUNPATH_SEARCH_PATHS = (
					"$(inherited)",
					"@executable_path/Frameworks",
					"@executable_path/../../Frameworks",
				);
				PRODUCT_BUNDLE_IDENTIFIER = com.poker.mobile.PacketTunnel;
				SDKROOT = iphoneos;
				TARGETED_DEVICE_FAMILY = "1,2";
			};
			name = Debug;
		};
		5494C71C68C9CAC0FB6FC56B /* Debug */ = {
			isa = XCBuildConfiguration;
			buildSettings = {
				ALWAYS_SEARCH_USER_PATHS = NO;
				CLANG_ANALYZER_NONNULL = YES;
				CLANG_ANALYZER_NUMBER_OBJECT_CONVERSION = YES_AGGRESSIVE;
				CLANG_CXX_LANGUAGE_STANDARD = "gnu++14";
				CLANG_CXX_LIBRARY = "libc++";
				CLANG_ENABLE_MODULES = YES;
				CLANG_ENABLE_OBJC_ARC = YES;
				CLANG_ENABLE_OBJC_WEAK = YES;
				CLANG_WARN_BLOCK_CAPTURE_AUTORELEASING = YES;
				CLANG_WARN_BOOL_CONVERSION = YES;
				CLANG_WARN_COMMA = YES;
				CLANG_WARN_CONSTANT_CONVERSION = YES;
				CLANG_WARN_DEPRECATED_OBJC_IMPLEMENTATIONS = YES;
				CLANG_WARN_DIRECT_OBJC_ISA_USAGE = YES_ERROR;
				CLANG_WARN_DOCUMENTATION_COMMENTS = YES;
				CLANG_WARN_EMPTY_BODY = YES;
				CLANG_WARN_ENUM_CONVERSION = YES;
				CLANG_WARN_INFINITE_RECURSION = YES;
				CLANG_WARN_INT_CONVERSION = YES;
				CLANG_WARN_NON_LITERAL_NULL_CONVERSION = YES;
				CLANG_WARN_OBJC_IMPLICIT_RETAIN_SELF = YES;
				CLANG_WARN_OBJC_LITERAL_CONVERSION = YES;
				CLANG_WARN_OBJC_ROOT_CLASS = YES_ERROR;
				CLANG_WARN_QUOTED_INCLUDE_IN_FRAMEWORK_HEADER = YES;
				CLANG_WARN_RANGE_LOOP_ANALYSIS = YES;
				CLANG_WARN_STRICT_PROTOTYPES = YES;
				CLANG_WARN_SUSPICIOUS_MOVE = YES;
				CLANG_WARN_UNGUARDED_AVAILABILITY = YES_AGGRESSIVE;
				CLANG_WARN_UNREACHABLE_CODE = YES;
				CLANG_WARN__DUPLICATE_METHOD_MATCH = YES;
				COPY_PHASE_STRIP = NO;
				CURRENT_PROJECT_VERSION = 1;
				DEBUG_INFORMATION_FORMAT = dwarf;
				ENABLE_STRICT_OBJC_MSGSEND = YES;
				ENABLE_TESTABILITY = YES;
				GCC_C_LANGUAGE_STANDARD = gnu11;
				GCC_DYNAMIC_NO_PIC = NO;
				GCC_NO_COMMON_BLOCKS = YES;
				GCC_OPTIMIZATION_LEVEL = 0;
				GCC_PREPROCESSOR_DEFINITIONS = (
					"$(inherited)",
					"DEBUG=1",
				);
				GCC_WARN_64_TO_32_BIT_CONVERSION = YES;
				GCC_WARN_ABOUT_RETURN_TYPE = YES_ERROR;
				GCC_WARN_UNDECLARED_SELECTOR = YES;
				GCC_WARN_UNINITIALIZED_AUTOS = YES_AGGRESSIVE;
				GCC_WARN_UNUSED_FUNCTION = YES;
				GCC_WARN_UNUSED_VARIABLE = YES;
				IPHONEOS_DEPLOYMENT_TARGET = 17.0;
				MACOSX_DEPLOYMENT_TARGET = 14.0;
				MARKETING_VERSION = 0.1.0;
				MTL_ENABLE_DEBUG_INFO = INCLUDE_SOURCE;
				MTL_FAST_MATH = YES;
				ONLY_ACTIVE_ARCH = YES;
				PRODUCT_NAME = "$(TARGET_NAME)";
				SWIFT_ACTIVE_COMPILATION_CONDITIONS = DEBUG;
				SWIFT_OPTIMIZATION_LEVEL = "-Onone";
				SWIFT_VERSION = 5.0;
			};
			name = Debug;
		};
		5F39A66A4FE23ED73C266884 /* Release */ = {
			isa = XCBuildConfiguration;
			buildSettings = {
				ALWAYS_SEARCH_USER_PATHS = NO;
				CLANG_ANALYZER_NONNULL = YES;
				CLANG_ANALYZER_NUMBER_OBJECT_CONVERSION = YES_AGGRESSIVE;
				CLANG_CXX_LANGUAGE_STANDARD = "gnu++14";
				CLANG_CXX_LIBRARY = "libc++";
				CLANG_ENABLE_MODULES = YES;
				CLANG_ENABLE_OBJC_ARC = YES;
				CLANG_ENABLE_OBJC_WEAK = YES;
				CLANG_WARN_BLOCK_CAPTURE_AUTORELEASING = YES;
				CLANG_WARN_BOOL_CONVERSION = YES;
				CLANG_WARN_COMMA = YES;
				CLANG_WARN_CONSTANT_CONVERSION = YES;
				CLANG_WARN_DEPRECATED_OBJC_IMPLEMENTATIONS = YES;
				CLANG_WARN_DIRECT_OBJC_ISA_USAGE = YES_ERROR;
				CLANG_WARN_DOCUMENTATION_COMMENTS = YES;
				CLANG_WARN_EMPTY_BODY = YES;
				CLANG_WARN_ENUM_CONVERSION = YES;
				CLANG_WARN_INFINITE_RECURSION = YES;
				CLANG_WARN_INT_CONVERSION = YES;
				CLANG_WARN_NON_LITERAL_NULL_CONVERSION = YES;
				CLANG_WARN_OBJC_IMPLICIT_RETAIN_SELF = YES;
				CLANG_WARN_OBJC_LITERAL_CONVERSION = YES;
				CLANG_WARN_OBJC_ROOT_CLASS = YES_ERROR;
				CLANG_WARN_QUOTED_INCLUDE_IN_FRAMEWORK_HEADER = YES;
				CLANG_WARN_RANGE_LOOP_ANALYSIS = YES;
				CLANG_WARN_STRICT_PROTOTYPES = YES;
				CLANG_WARN_SUSPICIOUS_MOVE = YES;
				CLANG_WARN_UNGUARDED_AVAILABILITY = YES_AGGRESSIVE;
				CLANG_WARN_UNREACHABLE_CODE = YES;
				CLANG_WARN__DUPLICATE_METHOD_MATCH = YES;
				COPY_PHASE_STRIP = NO;
				CURRENT_PROJECT_VERSION = 1;
				DEBUG_INFORMATION_FORMAT = "dwarf-with-dsym";
				ENABLE_NS_ASSERTIONS = NO;
				ENABLE_STRICT_OBJC_MSGSEND = YES;
				GCC_C_LANGUAGE_STANDARD = gnu11;
				GCC_NO_COMMON_BLOCKS = YES;
				GCC_WARN_64_TO_32_BIT_CONVERSION = YES;
				GCC_WARN_ABOUT_RETURN_TYPE = YES_ERROR;
				GCC_WARN_UNDECLARED_SELECTOR = YES;
				GCC_WARN_UNINITIALIZED_AUTOS = YES_AGGRESSIVE;
				GCC_WARN_UNUSED_FUNCTION = YES;
				GCC_WARN_UNUSED_VARIABLE = YES;
				IPHONEOS_DEPLOYMENT_TARGET = 17.0;
				MACOSX_DEPLOYMENT_TARGET = 14.0;
				MARKETING_VERSION = 0.1.0;
				MTL_ENABLE_DEBUG_INFO = NO;
				MTL_FAST_MATH = YES;
				PRODUCT_NAME = "$(TARGET_NAME)";
				SWIFT_COMPILATION_MODE = wholemodule;
				SWIFT_OPTIMIZATION_LEVEL = "-O";
				SWIFT_VERSION = 5.0;
			};
			name = Release;
		};
		6B03B0FEC0B83672C4070826 /* Debug */ = {
			isa = XCBuildConfiguration;
			buildSettings = {
				CODE_SIGN_IDENTITY = "";
				CURRENT_PROJECT_VERSION = 1;
				DEFINES_MODULE = YES;
				DYLIB_COMPATIBILITY_VERSION = 1;
				DYLIB_CURRENT_VERSION = 1;
				DYLIB_INSTALL_NAME_BASE = "@rpath";
				GENERATE_INFOPLIST_FILE = YES;
				INSTALL_PATH = "$(LOCAL_LIBRARY_DIR)/Frameworks";
				LD_RUNPATH_SEARCH_PATHS = (
					"$(inherited)",
					"@executable_path/Frameworks",
				);
				PRODUCT_BUNDLE_IDENTIFIER = com.poker.core;
				PRODUCT_NAME = PokerCore;
				SDKROOT = iphoneos;
				SKIP_INSTALL = YES;
				TARGETED_DEVICE_FAMILY = "1,2";
				VERSIONING_SYSTEM = "apple-generic";
			};
			name = Debug;
		};
		82F45B16231705B1E14A39A4 /* Release */ = {
			isa = XCBuildConfiguration;
			buildSettings = {
				CODE_SIGN_IDENTITY = "";
				CURRENT_PROJECT_VERSION = 1;
				DEFINES_MODULE = YES;
				DYLIB_COMPATIBILITY_VERSION = 1;
				DYLIB_CURRENT_VERSION = 1;
				DYLIB_INSTALL_NAME_BASE = "@rpath";
				GENERATE_INFOPLIST_FILE = YES;
				INSTALL_PATH = "$(LOCAL_LIBRARY_DIR)/Frameworks";
				LD_RUNPATH_SEARCH_PATHS = (
					"$(inherited)",
					"@executable_path/Frameworks",
				);
				PRODUCT_BUNDLE_IDENTIFIER = com.poker.core;
				PRODUCT_NAME = PokerCore;
				SDKROOT = iphoneos;
				SKIP_INSTALL = YES;
				TARGETED_DEVICE_FAMILY = "1,2";
				VERSIONING_SYSTEM = "apple-generic";
			};
			name = Release;
		};
		A22C5AB5CED77EB25DA28822 /* Debug */ = {
			isa = XCBuildConfiguration;
			buildSettings = {
				ASSETCATALOG_COMPILER_APPICON_NAME = AppIcon;
				CODE_SIGN_STYLE = Automatic;
				COMBINE_HIDPI_IMAGES = YES;
				GENERATE_INFOPLIST_FILE = YES;
				INFOPLIST_KEY_CFBundleDisplayName = Poker;
				LD_RUNPATH_SEARCH_PATHS = (
					"$(inherited)",
					"@executable_path/../Frameworks",
				);
				PRODUCT_BUNDLE_IDENTIFIER = com.poker.desktop;
				SDKROOT = macosx;
			};
			name = Debug;
		};
		B575F3CB7EE475FC94BB3F9D /* Release */ = {
			isa = XCBuildConfiguration;
			buildSettings = {
				CODE_SIGN_ENTITLEMENTS = Extensions/PacketTunnel/PokerPacketTunnel.entitlements;
				CODE_SIGN_STYLE = Automatic;
				GENERATE_INFOPLIST_FILE = YES;
				INFOPLIST_KEY_NSExtension_NSExtensionPointIdentifier = "com.apple.networkextension.packet-tunnel";
				INFOPLIST_KEY_NSExtension_NSExtensionPrincipalClass = "$(PRODUCT_MODULE_NAME).PacketTunnelProvider";
				LD_RUNPATH_SEARCH_PATHS = (
					"$(inherited)",
					"@executable_path/Frameworks",
					"@executable_path/../../Frameworks",
				);
				PRODUCT_BUNDLE_IDENTIFIER = com.poker.mobile.PacketTunnel;
				SDKROOT = iphoneos;
				TARGETED_DEVICE_FAMILY = "1,2";
			};
			name = Release;
		};
		CF6C698566D386A2BC754F04 /* Release */ = {
			isa = XCBuildConfiguration;
			buildSettings = {
				CODE_SIGN_IDENTITY = "";
				COMBINE_HIDPI_IMAGES = YES;
				CURRENT_PROJECT_VERSION = 1;
				DEFINES_MODULE = YES;
				DYLIB_COMPATIBILITY_VERSION = 1;
				DYLIB_CURRENT_VERSION = 1;
				DYLIB_INSTALL_NAME_BASE = "@rpath";
				GENERATE_INFOPLIST_FILE = YES;
				INSTALL_PATH = "$(LOCAL_LIBRARY_DIR)/Frameworks";
				LD_RUNPATH_SEARCH_PATHS = (
					"$(inherited)",
					"@executable_path/../Frameworks",
				);
				PRODUCT_BUNDLE_IDENTIFIER = com.poker.core;
				PRODUCT_NAME = PokerCore;
				SDKROOT = macosx;
				SKIP_INSTALL = YES;
				VERSIONING_SYSTEM = "apple-generic";
			};
			name = Release;
		};
		D058E049A36187703DECFD26 /* Debug */ = {
			isa = XCBuildConfiguration;
			buildSettings = {
				ASSETCATALOG_COMPILER_APPICON_NAME = AppIcon;
				CODE_SIGN_ENTITLEMENTS = Apps/iOS/PokerMobile.entitlements;
				CODE_SIGN_IDENTITY = "iPhone Developer";
				CODE_SIGN_STYLE = Automatic;
				GENERATE_INFOPLIST_FILE = YES;
				INFOPLIST_KEY_CFBundleDisplayName = Poker;
				LD_RUNPATH_SEARCH_PATHS = (
					"$(inherited)",
					"@executable_path/Frameworks",
				);
				PRODUCT_BUNDLE_IDENTIFIER = com.poker.mobile;
				SDKROOT = iphoneos;
				TARGETED_DEVICE_FAMILY = "1,2";
			};
			name = Debug;
		};
		E0E27195E9039D5B4883C19C /* Release */ = {
			isa = XCBuildConfiguration;
			buildSettings = {
				ASSETCATALOG_COMPILER_APPICON_NAME = AppIcon;
				CODE_SIGN_STYLE = Automatic;
				COMBINE_HIDPI_IMAGES = YES;
				GENERATE_INFOPLIST_FILE = YES;
				INFOPLIST_KEY_CFBundleDisplayName = Poker;
				LD_RUNPATH_SEARCH_PATHS = (
					"$(inherited)",
					"@executable_path/../Frameworks",
				);
				PRODUCT_BUNDLE_IDENTIFIER = com.poker.desktop;
				SDKROOT = macosx;
			};
			name = Release;
		};
		F51023D16A6ACAD39B7F304B /* Debug */ = {
			isa = XCBuildConfiguration;
			buildSettings = {
				CODE_SIGN_IDENTITY = "";
				COMBINE_HIDPI_IMAGES = YES;
				CURRENT_PROJECT_VERSION = 1;
				DEFINES_MODULE = YES;
				DYLIB_COMPATIBILITY_VERSION = 1;
				DYLIB_CURRENT_VERSION = 1;
				DYLIB_INSTALL_NAME_BASE = "@rpath";
				GENERATE_INFOPLIST_FILE = YES;
				INSTALL_PATH = "$(LOCAL_LIBRARY_DIR)/Frameworks";
				LD_RUNPATH_SEARCH_PATHS = (
					"$(inherited)",
					"@executable_path/../Frameworks",
				);
				PRODUCT_BUNDLE_IDENTIFIER = com.poker.core;
				PRODUCT_NAME = PokerCore;
				SDKROOT = macosx;
				SKIP_INSTALL = YES;
				VERSIONING_SYSTEM = "apple-generic";
			};
			name = Debug;
		};
/* End XCBuildConfiguration section */

/* Begin XCConfigurationList section */
		26BF93C824309FCC1770E3CC /* Build configuration list for PBXNativeTarget "PokerDesktop" */ = {
			isa = XCConfigurationList;
			buildConfigurations = (
				A22C5AB5CED77EB25DA28822 /* Debug */,
				E0E27195E9039D5B4883C19C /* Release */,
			);
			defaultConfigurationIsVisible = 0;
			defaultConfigurationName = Debug;
		};
		68142693F458E3D0D6DBAE08 /* Build configuration list for PBXNativeTarget "PokerPacketTunnel" */ = {
			isa = XCConfigurationList;
			buildConfigurations = (
				42FF0C211D7BB9D91591EFB7 /* Debug */,
				B575F3CB7EE475FC94BB3F9D /* Release */,
			);
			defaultConfigurationIsVisible = 0;
			defaultConfigurationName = Debug;
		};
		D72468B3307F4D6100995A27 /* Build configuration list for PBXNativeTarget "PokerCore_macOS" */ = {
			isa = XCConfigurationList;
			buildConfigurations = (
				F51023D16A6ACAD39B7F304B /* Debug */,
				CF6C698566D386A2BC754F04 /* Release */,
			);
			defaultConfigurationIsVisible = 0;
			defaultConfigurationName = Debug;
		};
		DC2F4F745189641345A326DC /* Build configuration list for PBXNativeTarget "PokerCore_iOS" */ = {
			isa = XCConfigurationList;
			buildConfigurations = (
				6B03B0FEC0B83672C4070826 /* Debug */,
				82F45B16231705B1E14A39A4 /* Release */,
			);
			defaultConfigurationIsVisible = 0;
			defaultConfigurationName = Debug;
		};
		EFD00EDC2AE33416151EE8B4 /* Build configuration list for PBXNativeTarget "PokerMobile" */ = {
			isa = XCConfigurationList;
			buildConfigurations = (
				D058E049A36187703DECFD26 /* Debug */,
				3BA97F0A1952EFCA17D77266 /* Release */,
			);
			defaultConfigurationIsVisible = 0;
			defaultConfigurationName = Debug;
		};
		FED62D7872DECAC7D03579A2 /* Build configuration list for PBXProject "Poker" */ = {
			isa = XCConfigurationList;
			buildConfigurations = (
				5494C71C68C9CAC0FB6FC56B /* Debug */,
				5F39A66A4FE23ED73C266884 /* Release */,
			);
			defaultConfigurationIsVisible = 0;
			defaultConfigurationName = Debug;
		};
/* End XCConfigurationList section */

/* Begin XCRemoteSwiftPackageReference section */
		244AD44394B4C1F62BD65711 /* XCRemoteSwiftPackageReference "swift-nio" */ = {
			isa = XCRemoteSwiftPackageReference;
			repositoryURL = "https://github.com/apple/swift-nio.git";
			requirement = {
				kind = upToNextMajorVersion;
				minimumVersion = 2.101.3;
			};
		};
		6B4102B16DB351D7639B1541 /* XCRemoteSwiftPackageReference "swift-collections" */ = {
			isa = XCRemoteSwiftPackageReference;
			repositoryURL = "https://github.com/apple/swift-collections.git";
			requirement = {
				kind = upToNextMajorVersion;
				minimumVersion = 1.6.0;
			};
		};
		D3A436D58E59A42BF466016F /* XCRemoteSwiftPackageReference "swift-nio-ssl" */ = {
			isa = XCRemoteSwiftPackageReference;
			repositoryURL = "https://github.com/apple/swift-nio-ssl.git";
			requirement = {
				kind = upToNextMajorVersion;
				minimumVersion = 2.37.2;
			};
		};
/* End XCRemoteSwiftPackageReference section */

/* Begin XCSwiftPackageProductDependency section */
		043F6404927510EA731CB76B /* NIOSSL */ = {
			isa = XCSwiftPackageProductDependency;
			package = D3A436D58E59A42BF466016F /* XCRemoteSwiftPackageReference "swift-nio-ssl" */;
			productName = NIOSSL;
		};
		11CB14AB1D4C25450FDDD8C0 /* NIOCore */ = {
			isa = XCSwiftPackageProductDependency;
			package = 244AD44394B4C1F62BD65711 /* XCRemoteSwiftPackageReference "swift-nio" */;
			productName = NIOCore;
		};
		1B5027C94F2A1BAF5605CDDE /* DequeModule */ = {
			isa = XCSwiftPackageProductDependency;
			package = 6B4102B16DB351D7639B1541 /* XCRemoteSwiftPackageReference "swift-collections" */;
			productName = DequeModule;
		};
		3F7B476D275DAF0E4F7BED8B /* NIOPosix */ = {
			isa = XCSwiftPackageProductDependency;
			package = 244AD44394B4C1F62BD65711 /* XCRemoteSwiftPackageReference "swift-nio" */;
			productName = NIOPosix;
		};
		51CCCD4F385904098446A837 /* NIOFoundationCompat */ = {
			isa = XCSwiftPackageProductDependency;
			package = 244AD44394B4C1F62BD65711 /* XCRemoteSwiftPackageReference "swift-nio" */;
			productName = NIOFoundationCompat;
		};
		6E95C290DA17DBF68505BEFA /* NIOPosix */ = {
			isa = XCSwiftPackageProductDependency;
			package = 244AD44394B4C1F62BD65711 /* XCRemoteSwiftPackageReference "swift-nio" */;
			productName = NIOPosix;
		};
		8A21527FD6FC7D89D66AB9AB /* NIOSSL */ = {
			isa = XCSwiftPackageProductDependency;
			package = D3A436D58E59A42BF466016F /* XCRemoteSwiftPackageReference "swift-nio-ssl" */;
			productName = NIOSSL;
		};
		9C272A32D14D1B636C5CD5FD /* NIOHTTP1 */ = {
			isa = XCSwiftPackageProductDependency;
			package = 244AD44394B4C1F62BD65711 /* XCRemoteSwiftPackageReference "swift-nio" */;
			productName = NIOHTTP1;
		};
		AB06809A097618CF27114294 /* NIOFoundationCompat */ = {
			isa = XCSwiftPackageProductDependency;
			package = 244AD44394B4C1F62BD65711 /* XCRemoteSwiftPackageReference "swift-nio" */;
			productName = NIOFoundationCompat;
		};
		B237B1EAF81B9F3B5ADAD760 /* DequeModule */ = {
			isa = XCSwiftPackageProductDependency;
			package = 6B4102B16DB351D7639B1541 /* XCRemoteSwiftPackageReference "swift-collections" */;
			productName = DequeModule;
		};
		B374586889C6DDB4795CAEC8 /* NIOCore */ = {
			isa = XCSwiftPackageProductDependency;
			package = 244AD44394B4C1F62BD65711 /* XCRemoteSwiftPackageReference "swift-nio" */;
			productName = NIOCore;
		};
		BEB57944008FAE975C6D038F /* NIOHTTP1 */ = {
			isa = XCSwiftPackageProductDependency;
			package = 244AD44394B4C1F62BD65711 /* XCRemoteSwiftPackageReference "swift-nio" */;
			productName = NIOHTTP1;
		};
/* End XCSwiftPackageProductDependency section */
	};
	rootObject = 926B3AEA5E3AEDFF69DAEABA /* Project object */;
}
